
Microsoft Visual Studio Solution File, Format Version 12.00
# Visual Studio Version 17
VisualStudioVersion = 17.6.33723.286
MinimumVisualStudioVersion = 10.0.40219.1
Project("{FAE04EC0-301F-11D3-BF4B-00C04F79EFBC}") = "BlazorWebAssemblyApp", "BlazorWebAssemblyApp\BlazorWebAssemblyApp.csproj", "{F29A8F20-3FB1-4413-AE74-5BA9A9F52114}"
EndProject
Global
	GlobalSection(SolutionConfigurationPlatforms) = preSolution
		Debug|Any CPU = Debug|Any CPU
		Release|Any CPU = Release|Any CPU
	EndGlobalSection
	GlobalSection(ProjectConfigurationPlatforms) = postSolution
		{F29A8F20-3FB1-4413-AE74-5BA9A9F52114}.Debug|Any CPU.ActiveCfg = Debug|Any CPU
		{F29A8F20-3FB1-4413-AE74-5BA9A9F52114}.Debug|Any CPU.Build.0 = Debug|Any CPU
		{F29A8F20-3FB1-4413-AE74-5BA9A9F52114}.Release|Any CPU.ActiveCfg = Release|Any CPU
		{F29A8F20-3FB1-4413-AE74-5BA9A9F52114}.Release|Any CPU.Build.0 = Release|Any CPU
	EndGlobalSection
	GlobalSection(SolutionProperties) = preSolution
		HideSolutionNode = FALSE
	EndGlobalSection
	GlobalSection(ExtensibilityGlobals) = postSolution
		SolutionGuid = {2CAE8570-D119-4F14-B6F1-BF8193CE9624}
	EndGlobalSection
EndGlobal
